
Microsoft Visual Studio Solution File, Format Version 12.00
# Visual Studio Version 16
VisualStudioVersion = 16.0.32126.315
MinimumVisualStudioVersion = 10.0.40219.1
Project("{9A19103F-16F7-4668-BE54-9A1E7A4F7556}") = "VotingSystem", "VotingSystem\VotingSystem.csproj", "{8D28D8FB-7824-4E0C-B7D8-36902422A42D}"
EndProject
Project("{9A19103F-16F7-4668-BE54-9A1E7A4F7556}") = "UnitTests", "UnitTests\UnitTests.csproj", "{0E118AD1-29F1-4D3A-ADC2-8B456BBD00DD}"
EndProject
Project("{2150E333-8FDC-42A3-9474-1A3956D46DE8}") = "Solution Items", "Solution Items", "{7451C71F-09F3-4199-ACD8-66A5C3512CB5}"
	ProjectSection(SolutionItems) = preProject
		App.config = App.config
	EndProjectSection
EndProject
Project("{FAE04EC0-301F-11D3-BF4B-00C04F79EFBC}") = "IntegrationTests", "IntegrationTests\IntegrationTests.csproj", "{02FE6D61-5C63-4CA0-B1A3-DFACFDA55509}"
EndProject
Global
	GlobalSection(SolutionConfigurationPlatforms) = preSolution
		Debug|Any CPU = Debug|Any CPU
		Release|Any CPU = Release|Any CPU
	EndGlobalSection
	GlobalSection(ProjectConfigurationPlatforms) = postSolution
		{8D28D8FB-7824-4E0C-B7D8-36902422A42D}.Debug|Any CPU.ActiveCfg = Debug|Any CPU
		{8D28D8FB-7824-4E0C-B7D8-36902422A42D}.Debug|Any CPU.Build.0 = Debug|Any CPU
		{8D28D8FB-7824-4E0C-B7D8-36902422A42D}.Release|Any CPU.ActiveCfg = Release|Any CPU
		{8D28D8FB-7824-4E0C-B7D8-36902422A42D}.Release|Any CPU.Build.0 = Release|Any CPU
		{0E118AD1-29F1-4D3A-ADC2-8B456BBD00DD}.Debug|Any CPU.ActiveCfg = Debug|Any CPU
		{0E118AD1-29F1-4D3A-ADC2-8B456BBD00DD}.Debug|Any CPU.Build.0 = Debug|Any CPU
		{0E118AD1-29F1-4D3A-ADC2-8B456BBD00DD}.Release|Any CPU.ActiveCfg = Release|Any CPU
		{0E118AD1-29F1-4D3A-ADC2-8B456BBD00DD}.Release|Any CPU.Build.0 = Release|Any CPU
		{02FE6D61-5C63-4CA0-B1A3-DFACFDA55509}.Debug|Any CPU.ActiveCfg = Debug|Any CPU
		{02FE6D61-5C63-4CA0-B1A3-DFACFDA55509}.Debug|Any CPU.Build.0 = Debug|Any CPU
		{02FE6D61-5C63-4CA0-B1A3-DFACFDA55509}.Release|Any CPU.ActiveCfg = Release|Any CPU
		{02FE6D61-5C63-4CA0-B1A3-DFACFDA55509}.Release|Any CPU.Build.0 = Release|Any CPU
	EndGlobalSection
	GlobalSection(SolutionProperties) = preSolution
		HideSolutionNode = FALSE
	EndGlobalSection
	GlobalSection(ExtensibilityGlobals) = postSolution
		SolutionGuid = {E3FEEAAD-417C-49BB-B84E-6C2FD33433EE}
	EndGlobalSection
EndGlobal
